
Microsoft Visual Studio Solution File, Format Version 12.00
# Visual Studio Version 16
VisualStudioVersion = 16.0.29230.47
MinimumVisualStudioVersion = 10.0.40219.1
Project("{FAE04EC0-301F-11D3-BF4B-00C04F79EFBC}") = "Lab6Q1", "Lab6Q1\Lab6Q1.csproj", "{4CB77D26-274F-4603-8879-E038D22C14BC}"
EndProject
Global
	GlobalSection(SolutionConfigurationPlatforms) = preSolution
		Debug|Any CPU = Debug|Any CPU
		Release|Any CPU = Release|Any CPU
	EndGlobalSection
	GlobalSection(ProjectConfigurationPlatforms) = postSolution
		{4CB77D26-274F-4603-8879-E038D22C14BC}.Debug|Any CPU.ActiveCfg = Debug|Any CPU
		{4CB77D26-274F-4603-8879-E038D22C14BC}.Debug|Any CPU.Build.0 = Debug|Any CPU
		{4CB77D26-274F-4603-8879-E038D22C14BC}.Release|Any CPU.ActiveCfg = Release|Any CPU
		{4CB77D26-274F-4603-8879-E038D22C14BC}.Release|Any CPU.Build.0 = Release|Any CPU
	EndGlobalSection
	GlobalSection(SolutionProperties) = preSolution
		HideSolutionNode = FALSE
	EndGlobalSection
	GlobalSection(ExtensibilityGlobals) = postSolution
		SolutionGuid = {F0D49C6A-DEB5-48CE-9B04-2D40831E0609}
	EndGlobalSection
EndGlobal
