
Microsoft Visual Studio Solution File, Format Version 12.00
# Visual Studio Version 16
VisualStudioVersion = 16.0.29230.47
MinimumVisualStudioVersion = 10.0.40219.1
Project("{FAE04EC0-301F-11D3-BF4B-00C04F79EFBC}") = "Compound interest", "Compound interest\Compound interest.csproj", "{D0819F38-A59D-4065-8B0E-B80E9499011A}"
EndProject
Global
	GlobalSection(SolutionConfigurationPlatforms) = preSolution
		Debug|Any CPU = Debug|Any CPU
		Release|Any CPU = Release|Any CPU
	EndGlobalSection
	GlobalSection(ProjectConfigurationPlatforms) = postSolution
		{D0819F38-A59D-4065-8B0E-B80E9499011A}.Debug|Any CPU.ActiveCfg = Debug|Any CPU
		{D0819F38-A59D-4065-8B0E-B80E9499011A}.Debug|Any CPU.Build.0 = Debug|Any CPU
		{D0819F38-A59D-4065-8B0E-B80E9499011A}.Release|Any CPU.ActiveCfg = Release|Any CPU
		{D0819F38-A59D-4065-8B0E-B80E9499011A}.Release|Any CPU.Build.0 = Release|Any CPU
	EndGlobalSection
	GlobalSection(SolutionProperties) = preSolution
		HideSolutionNode = FALSE
	EndGlobalSection
	GlobalSection(ExtensibilityGlobals) = postSolution
		SolutionGuid = {333D730D-B79F-418B-B3E7-4DA178433EE4}
	EndGlobalSection
EndGlobal
