
Microsoft Visual Studio Solution File, Format Version 12.00
# Visual Studio Version 16
VisualStudioVersion = 16.0.30002.166
MinimumVisualStudioVersion = 10.0.40219.1
Project("{FAE04EC0-301F-11D3-BF4B-00C04F79EFBC}") = "Assignment", "Assignment\Assignment.csproj", "{2498CFFE-1F18-4841-B9FC-8322A1D1B564}"
EndProject
Global
	GlobalSection(SolutionConfigurationPlatforms) = preSolution
		Debug|Any CPU = Debug|Any CPU
		Release|Any CPU = Release|Any CPU
	EndGlobalSection
	GlobalSection(ProjectConfigurationPlatforms) = postSolution
		{2498CFFE-1F18-4841-B9FC-8322A1D1B564}.Debug|Any CPU.ActiveCfg = Debug|Any CPU
		{2498CFFE-1F18-4841-B9FC-8322A1D1B564}.Debug|Any CPU.Build.0 = Debug|Any CPU
		{2498CFFE-1F18-4841-B9FC-8322A1D1B564}.Release|Any CPU.ActiveCfg = Release|Any CPU
		{2498CFFE-1F18-4841-B9FC-8322A1D1B564}.Release|Any CPU.Build.0 = Release|Any CPU
	EndGlobalSection
	GlobalSection(SolutionProperties) = preSolution
		HideSolutionNode = FALSE
	EndGlobalSection
	GlobalSection(ExtensibilityGlobals) = postSolution
		SolutionGuid = {983F36B3-B306-4DCA-8624-FBE456273358}
	EndGlobalSection
EndGlobal
