
Microsoft Visual Studio Solution File, Format Version 12.00
# Visual Studio Version 16
VisualStudioVersion = 16.0.29230.47
MinimumVisualStudioVersion = 10.0.40219.1
Project("{FAE04EC0-301F-11D3-BF4B-00C04F79EFBC}") = "Lab5Q3", "Lab5Q3\Lab5Q3.csproj", "{B33734F8-4AB8-4235-A92F-5E875550E5A5}"
EndProject
Global
	GlobalSection(SolutionConfigurationPlatforms) = preSolution
		Debug|Any CPU = Debug|Any CPU
		Release|Any CPU = Release|Any CPU
	EndGlobalSection
	GlobalSection(ProjectConfigurationPlatforms) = postSolution
		{B33734F8-4AB8-4235-A92F-5E875550E5A5}.Debug|Any CPU.ActiveCfg = Debug|Any CPU
		{B33734F8-4AB8-4235-A92F-5E875550E5A5}.Debug|Any CPU.Build.0 = Debug|Any CPU
		{B33734F8-4AB8-4235-A92F-5E875550E5A5}.Release|Any CPU.ActiveCfg = Release|Any CPU
		{B33734F8-4AB8-4235-A92F-5E875550E5A5}.Release|Any CPU.Build.0 = Release|Any CPU
	EndGlobalSection
	GlobalSection(SolutionProperties) = preSolution
		HideSolutionNode = FALSE
	EndGlobalSection
	GlobalSection(ExtensibilityGlobals) = postSolution
		SolutionGuid = {72C500E1-F041-42E3-A07B-EDBD3BE17E16}
	EndGlobalSection
EndGlobal
