
Microsoft Visual Studio Solution File, Format Version 12.00
# Visual Studio Version 16
VisualStudioVersion = 16.0.29709.97
MinimumVisualStudioVersion = 10.0.40219.1
Project("{FAE04EC0-301F-11D3-BF4B-00C04F79EFBC}") = "Lab12Q4", "Lab12Q4\Lab12Q4.csproj", "{BF660F14-8E7F-42D6-A591-C56C9AB07C13}"
EndProject
Global
	GlobalSection(SolutionConfigurationPlatforms) = preSolution
		Debug|Any CPU = Debug|Any CPU
		Release|Any CPU = Release|Any CPU
	EndGlobalSection
	GlobalSection(ProjectConfigurationPlatforms) = postSolution
		{BF660F14-8E7F-42D6-A591-C56C9AB07C13}.Debug|Any CPU.ActiveCfg = Debug|Any CPU
		{BF660F14-8E7F-42D6-A591-C56C9AB07C13}.Debug|Any CPU.Build.0 = Debug|Any CPU
		{BF660F14-8E7F-42D6-A591-C56C9AB07C13}.Release|Any CPU.ActiveCfg = Release|Any CPU
		{BF660F14-8E7F-42D6-A591-C56C9AB07C13}.Release|Any CPU.Build.0 = Release|Any CPU
	EndGlobalSection
	GlobalSection(SolutionProperties) = preSolution
		HideSolutionNode = FALSE
	EndGlobalSection
	GlobalSection(ExtensibilityGlobals) = postSolution
		SolutionGuid = {4C3BFA22-4C20-4700-B6C0-6B6C1023C923}
	EndGlobalSection
EndGlobal
