
Microsoft Visual Studio Solution File, Format Version 12.00
# Visual Studio Version 16
VisualStudioVersion = 16.0.29230.47
MinimumVisualStudioVersion = 10.0.40219.1
Project("{FAE04EC0-301F-11D3-BF4B-00C04F79EFBC}") = "Lab6Q4", "Lab6Q4\Lab6Q4.csproj", "{ED119C1B-6CF1-4146-A390-CA703742D628}"
EndProject
Global
	GlobalSection(SolutionConfigurationPlatforms) = preSolution
		Debug|Any CPU = Debug|Any CPU
		Release|Any CPU = Release|Any CPU
	EndGlobalSection
	GlobalSection(ProjectConfigurationPlatforms) = postSolution
		{ED119C1B-6CF1-4146-A390-CA703742D628}.Debug|Any CPU.ActiveCfg = Debug|Any CPU
		{ED119C1B-6CF1-4146-A390-CA703742D628}.Debug|Any CPU.Build.0 = Debug|Any CPU
		{ED119C1B-6CF1-4146-A390-CA703742D628}.Release|Any CPU.ActiveCfg = Release|Any CPU
		{ED119C1B-6CF1-4146-A390-CA703742D628}.Release|Any CPU.Build.0 = Release|Any CPU
	EndGlobalSection
	GlobalSection(SolutionProperties) = preSolution
		HideSolutionNode = FALSE
	EndGlobalSection
	GlobalSection(ExtensibilityGlobals) = postSolution
		SolutionGuid = {F8A5CC2D-FCA7-4A84-B1DA-02B52C6A1FF6}
	EndGlobalSection
EndGlobal
