
Microsoft Visual Studio Solution File, Format Version 12.00
# Visual Studio Version 16
VisualStudioVersion = 16.0.29409.12
MinimumVisualStudioVersion = 10.0.40219.1
Project("{FAE04EC0-301F-11D3-BF4B-00C04F79EFBC}") = "Lab7Q4", "Lab7Q4\Lab7Q4.csproj", "{76F68AE4-9BC1-4184-8DFC-3135D0F939A6}"
EndProject
Global
	GlobalSection(SolutionConfigurationPlatforms) = preSolution
		Debug|Any CPU = Debug|Any CPU
		Release|Any CPU = Release|Any CPU
	EndGlobalSection
	GlobalSection(ProjectConfigurationPlatforms) = postSolution
		{76F68AE4-9BC1-4184-8DFC-3135D0F939A6}.Debug|Any CPU.ActiveCfg = Debug|Any CPU
		{76F68AE4-9BC1-4184-8DFC-3135D0F939A6}.Debug|Any CPU.Build.0 = Debug|Any CPU
		{76F68AE4-9BC1-4184-8DFC-3135D0F939A6}.Release|Any CPU.ActiveCfg = Release|Any CPU
		{76F68AE4-9BC1-4184-8DFC-3135D0F939A6}.Release|Any CPU.Build.0 = Release|Any CPU
	EndGlobalSection
	GlobalSection(SolutionProperties) = preSolution
		HideSolutionNode = FALSE
	EndGlobalSection
	GlobalSection(ExtensibilityGlobals) = postSolution
		SolutionGuid = {3D4AEBA5-DA96-4AA8-9C3D-FDA85D78DD4C}
	EndGlobalSection
EndGlobal
