
Microsoft Visual Studio Solution File, Format Version 12.00
# Visual Studio Version 16
VisualStudioVersion = 16.0.29411.108
MinimumVisualStudioVersion = 10.0.40219.1
Project("{FAE04EC0-301F-11D3-BF4B-00C04F79EFBC}") = "Lecture9", "Lecture9\Lecture9.csproj", "{A11C6C66-F751-4010-8860-F8A2CE66D1AD}"
EndProject
Global
	GlobalSection(SolutionConfigurationPlatforms) = preSolution
		Debug|Any CPU = Debug|Any CPU
		Release|Any CPU = Release|Any CPU
	EndGlobalSection
	GlobalSection(ProjectConfigurationPlatforms) = postSolution
		{A11C6C66-F751-4010-8860-F8A2CE66D1AD}.Debug|Any CPU.ActiveCfg = Debug|Any CPU
		{A11C6C66-F751-4010-8860-F8A2CE66D1AD}.Debug|Any CPU.Build.0 = Debug|Any CPU
		{A11C6C66-F751-4010-8860-F8A2CE66D1AD}.Release|Any CPU.ActiveCfg = Release|Any CPU
		{A11C6C66-F751-4010-8860-F8A2CE66D1AD}.Release|Any CPU.Build.0 = Release|Any CPU
	EndGlobalSection
	GlobalSection(SolutionProperties) = preSolution
		HideSolutionNode = FALSE
	EndGlobalSection
	GlobalSection(ExtensibilityGlobals) = postSolution
		SolutionGuid = {7543BC84-D068-4069-B54F-AA2271D3A7CD}
	EndGlobalSection
EndGlobal
