
Microsoft Visual Studio Solution File, Format Version 12.00
# Visual Studio Version 16
VisualStudioVersion = 16.0.29230.47
MinimumVisualStudioVersion = 10.0.40219.1
Project("{FAE04EC0-301F-11D3-BF4B-00C04F79EFBC}") = "Lab5Q9", "Lab5Q9\Lab5Q9.csproj", "{B73BE9CC-BB05-40F8-967F-E25F17A06596}"
EndProject
Global
	GlobalSection(SolutionConfigurationPlatforms) = preSolution
		Debug|Any CPU = Debug|Any CPU
		Release|Any CPU = Release|Any CPU
	EndGlobalSection
	GlobalSection(ProjectConfigurationPlatforms) = postSolution
		{B73BE9CC-BB05-40F8-967F-E25F17A06596}.Debug|Any CPU.ActiveCfg = Debug|Any CPU
		{B73BE9CC-BB05-40F8-967F-E25F17A06596}.Debug|Any CPU.Build.0 = Debug|Any CPU
		{B73BE9CC-BB05-40F8-967F-E25F17A06596}.Release|Any CPU.ActiveCfg = Release|Any CPU
		{B73BE9CC-BB05-40F8-967F-E25F17A06596}.Release|Any CPU.Build.0 = Release|Any CPU
	EndGlobalSection
	GlobalSection(SolutionProperties) = preSolution
		HideSolutionNode = FALSE
	EndGlobalSection
	GlobalSection(ExtensibilityGlobals) = postSolution
		SolutionGuid = {E157DBCE-C3E9-4FA0-BFD5-7B2331E4BE5F}
	EndGlobalSection
EndGlobal
