
Microsoft Visual Studio Solution File, Format Version 12.00
# Visual Studio Version 16
VisualStudioVersion = 16.0.29709.97
MinimumVisualStudioVersion = 10.0.40219.1
Project("{FAE04EC0-301F-11D3-BF4B-00C04F79EFBC}") = "Lab12Q1", "Lab12Q1\Lab12Q1.csproj", "{367316D9-D7A0-446F-A86B-DD36C510C7F7}"
EndProject
Global
	GlobalSection(SolutionConfigurationPlatforms) = preSolution
		Debug|Any CPU = Debug|Any CPU
		Release|Any CPU = Release|Any CPU
	EndGlobalSection
	GlobalSection(ProjectConfigurationPlatforms) = postSolution
		{367316D9-D7A0-446F-A86B-DD36C510C7F7}.Debug|Any CPU.ActiveCfg = Debug|Any CPU
		{367316D9-D7A0-446F-A86B-DD36C510C7F7}.Debug|Any CPU.Build.0 = Debug|Any CPU
		{367316D9-D7A0-446F-A86B-DD36C510C7F7}.Release|Any CPU.ActiveCfg = Release|Any CPU
		{367316D9-D7A0-446F-A86B-DD36C510C7F7}.Release|Any CPU.Build.0 = Release|Any CPU
	EndGlobalSection
	GlobalSection(SolutionProperties) = preSolution
		HideSolutionNode = FALSE
	EndGlobalSection
	GlobalSection(ExtensibilityGlobals) = postSolution
		SolutionGuid = {DFD29E6F-0F4D-4E8F-880E-47EF2F146032}
	EndGlobalSection
EndGlobal
