
Microsoft Visual Studio Solution File, Format Version 12.00
# Visual Studio Version 16
VisualStudioVersion = 16.0.29411.108
MinimumVisualStudioVersion = 10.0.40219.1
Project("{FAE04EC0-301F-11D3-BF4B-00C04F79EFBC}") = "Lab9Q2", "Lab9Q2\Lab9Q2.csproj", "{BEDA1CA1-D00C-4B9A-A552-2C2470EFE4AB}"
EndProject
Global
	GlobalSection(SolutionConfigurationPlatforms) = preSolution
		Debug|Any CPU = Debug|Any CPU
		Release|Any CPU = Release|Any CPU
	EndGlobalSection
	GlobalSection(ProjectConfigurationPlatforms) = postSolution
		{BEDA1CA1-D00C-4B9A-A552-2C2470EFE4AB}.Debug|Any CPU.ActiveCfg = Debug|Any CPU
		{BEDA1CA1-D00C-4B9A-A552-2C2470EFE4AB}.Debug|Any CPU.Build.0 = Debug|Any CPU
		{BEDA1CA1-D00C-4B9A-A552-2C2470EFE4AB}.Release|Any CPU.ActiveCfg = Release|Any CPU
		{BEDA1CA1-D00C-4B9A-A552-2C2470EFE4AB}.Release|Any CPU.Build.0 = Release|Any CPU
	EndGlobalSection
	GlobalSection(SolutionProperties) = preSolution
		HideSolutionNode = FALSE
	EndGlobalSection
	GlobalSection(ExtensibilityGlobals) = postSolution
		SolutionGuid = {6D10C495-690E-4C1C-A1C4-EB358D59EEE7}
	EndGlobalSection
EndGlobal
