
Microsoft Visual Studio Solution File, Format Version 12.00
# Visual Studio Version 16
VisualStudioVersion = 16.0.29409.12
MinimumVisualStudioVersion = 10.0.40219.1
Project("{FAE04EC0-301F-11D3-BF4B-00C04F79EFBC}") = "Lab7Q3", "Lab7Q3\Lab7Q3.csproj", "{0D2816E1-B7B7-4412-A155-D8C53AA2A72C}"
EndProject
Global
	GlobalSection(SolutionConfigurationPlatforms) = preSolution
		Debug|Any CPU = Debug|Any CPU
		Release|Any CPU = Release|Any CPU
	EndGlobalSection
	GlobalSection(ProjectConfigurationPlatforms) = postSolution
		{0D2816E1-B7B7-4412-A155-D8C53AA2A72C}.Debug|Any CPU.ActiveCfg = Debug|Any CPU
		{0D2816E1-B7B7-4412-A155-D8C53AA2A72C}.Debug|Any CPU.Build.0 = Debug|Any CPU
		{0D2816E1-B7B7-4412-A155-D8C53AA2A72C}.Release|Any CPU.ActiveCfg = Release|Any CPU
		{0D2816E1-B7B7-4412-A155-D8C53AA2A72C}.Release|Any CPU.Build.0 = Release|Any CPU
	EndGlobalSection
	GlobalSection(SolutionProperties) = preSolution
		HideSolutionNode = FALSE
	EndGlobalSection
	GlobalSection(ExtensibilityGlobals) = postSolution
		SolutionGuid = {ECB6D1F9-95E7-4962-9B3E-215946E0A013}
	EndGlobalSection
EndGlobal
