
Microsoft Visual Studio Solution File, Format Version 12.00
# Visual Studio Version 16
VisualStudioVersion = 16.0.29409.12
MinimumVisualStudioVersion = 10.0.40219.1
Project("{FAE04EC0-301F-11D3-BF4B-00C04F79EFBC}") = "Benefits Menu 2", "Benefits Menu 2\Benefits Menu 2.csproj", "{B095497E-4D3D-467E-BE3E-F59AF2C68746}"
EndProject
Global
	GlobalSection(SolutionConfigurationPlatforms) = preSolution
		Debug|Any CPU = Debug|Any CPU
		Release|Any CPU = Release|Any CPU
	EndGlobalSection
	GlobalSection(ProjectConfigurationPlatforms) = postSolution
		{B095497E-4D3D-467E-BE3E-F59AF2C68746}.Debug|Any CPU.ActiveCfg = Debug|Any CPU
		{B095497E-4D3D-467E-BE3E-F59AF2C68746}.Debug|Any CPU.Build.0 = Debug|Any CPU
		{B095497E-4D3D-467E-BE3E-F59AF2C68746}.Release|Any CPU.ActiveCfg = Release|Any CPU
		{B095497E-4D3D-467E-BE3E-F59AF2C68746}.Release|Any CPU.Build.0 = Release|Any CPU
	EndGlobalSection
	GlobalSection(SolutionProperties) = preSolution
		HideSolutionNode = FALSE
	EndGlobalSection
	GlobalSection(ExtensibilityGlobals) = postSolution
		SolutionGuid = {CF64F852-BE41-4DBF-9BFA-0589EA1656B8}
	EndGlobalSection
EndGlobal
