
Microsoft Visual Studio Solution File, Format Version 12.00
# Visual Studio Version 16
VisualStudioVersion = 16.0.29709.97
MinimumVisualStudioVersion = 10.0.40219.1
Project("{FAE04EC0-301F-11D3-BF4B-00C04F79EFBC}") = "Lab14Q3", "Lab14Q3\Lab14Q3.csproj", "{A455E283-F319-4649-BA47-680FBBBE3F87}"
EndProject
Global
	GlobalSection(SolutionConfigurationPlatforms) = preSolution
		Debug|Any CPU = Debug|Any CPU
		Release|Any CPU = Release|Any CPU
	EndGlobalSection
	GlobalSection(ProjectConfigurationPlatforms) = postSolution
		{A455E283-F319-4649-BA47-680FBBBE3F87}.Debug|Any CPU.ActiveCfg = Debug|Any CPU
		{A455E283-F319-4649-BA47-680FBBBE3F87}.Debug|Any CPU.Build.0 = Debug|Any CPU
		{A455E283-F319-4649-BA47-680FBBBE3F87}.Release|Any CPU.ActiveCfg = Release|Any CPU
		{A455E283-F319-4649-BA47-680FBBBE3F87}.Release|Any CPU.Build.0 = Release|Any CPU
	EndGlobalSection
	GlobalSection(SolutionProperties) = preSolution
		HideSolutionNode = FALSE
	EndGlobalSection
	GlobalSection(ExtensibilityGlobals) = postSolution
		SolutionGuid = {6F530C00-4170-4554-8AEB-F90DE825CF51}
	EndGlobalSection
EndGlobal
