
Microsoft Visual Studio Solution File, Format Version 12.00
# Visual Studio Version 16
VisualStudioVersion = 16.0.29230.47
MinimumVisualStudioVersion = 10.0.40219.1
Project("{FAE04EC0-301F-11D3-BF4B-00C04F79EFBC}") = "Vote for one", "Vote for one\Vote for one.csproj", "{B85C3E41-9888-48FC-9020-1722109F2A75}"
EndProject
Global
	GlobalSection(SolutionConfigurationPlatforms) = preSolution
		Debug|Any CPU = Debug|Any CPU
		Release|Any CPU = Release|Any CPU
	EndGlobalSection
	GlobalSection(ProjectConfigurationPlatforms) = postSolution
		{B85C3E41-9888-48FC-9020-1722109F2A75}.Debug|Any CPU.ActiveCfg = Debug|Any CPU
		{B85C3E41-9888-48FC-9020-1722109F2A75}.Debug|Any CPU.Build.0 = Debug|Any CPU
		{B85C3E41-9888-48FC-9020-1722109F2A75}.Release|Any CPU.ActiveCfg = Release|Any CPU
		{B85C3E41-9888-48FC-9020-1722109F2A75}.Release|Any CPU.Build.0 = Release|Any CPU
	EndGlobalSection
	GlobalSection(SolutionProperties) = preSolution
		HideSolutionNode = FALSE
	EndGlobalSection
	GlobalSection(ExtensibilityGlobals) = postSolution
		SolutionGuid = {807EDBEA-F120-4A07-8772-3A28DDDC4FC8}
	EndGlobalSection
EndGlobal
