
Microsoft Visual Studio Solution File, Format Version 12.00
# Visual Studio Version 16
VisualStudioVersion = 16.0.29409.12
MinimumVisualStudioVersion = 10.0.40219.1
Project("{FAE04EC0-301F-11D3-BF4B-00C04F79EFBC}") = "Lab8Q5", "Lab8Q5\Lab8Q5.csproj", "{4F84DAC3-8C86-4588-B3EC-28065BE3349B}"
EndProject
Global
	GlobalSection(SolutionConfigurationPlatforms) = preSolution
		Debug|Any CPU = Debug|Any CPU
		Release|Any CPU = Release|Any CPU
	EndGlobalSection
	GlobalSection(ProjectConfigurationPlatforms) = postSolution
		{4F84DAC3-8C86-4588-B3EC-28065BE3349B}.Debug|Any CPU.ActiveCfg = Debug|Any CPU
		{4F84DAC3-8C86-4588-B3EC-28065BE3349B}.Debug|Any CPU.Build.0 = Debug|Any CPU
		{4F84DAC3-8C86-4588-B3EC-28065BE3349B}.Release|Any CPU.ActiveCfg = Release|Any CPU
		{4F84DAC3-8C86-4588-B3EC-28065BE3349B}.Release|Any CPU.Build.0 = Release|Any CPU
	EndGlobalSection
	GlobalSection(SolutionProperties) = preSolution
		HideSolutionNode = FALSE
	EndGlobalSection
	GlobalSection(ExtensibilityGlobals) = postSolution
		SolutionGuid = {5595DE84-966E-45FF-AF1C-BB0398E30234}
	EndGlobalSection
EndGlobal
