
Microsoft Visual Studio Solution File, Format Version 12.00
# Visual Studio Version 16
VisualStudioVersion = 16.0.30002.166
MinimumVisualStudioVersion = 10.0.40219.1
Project("{FAE04EC0-301F-11D3-BF4B-00C04F79EFBC}") = "Purchase Form Test", "Purchase Form Test\Purchase Form Test.csproj", "{2F29E3E5-94DF-4EC8-AFF5-442F2E67B9D5}"
EndProject
Global
	GlobalSection(SolutionConfigurationPlatforms) = preSolution
		Debug|Any CPU = Debug|Any CPU
		Release|Any CPU = Release|Any CPU
	EndGlobalSection
	GlobalSection(ProjectConfigurationPlatforms) = postSolution
		{2F29E3E5-94DF-4EC8-AFF5-442F2E67B9D5}.Debug|Any CPU.ActiveCfg = Debug|Any CPU
		{2F29E3E5-94DF-4EC8-AFF5-442F2E67B9D5}.Debug|Any CPU.Build.0 = Debug|Any CPU
		{2F29E3E5-94DF-4EC8-AFF5-442F2E67B9D5}.Release|Any CPU.ActiveCfg = Release|Any CPU
		{2F29E3E5-94DF-4EC8-AFF5-442F2E67B9D5}.Release|Any CPU.Build.0 = Release|Any CPU
	EndGlobalSection
	GlobalSection(SolutionProperties) = preSolution
		HideSolutionNode = FALSE
	EndGlobalSection
	GlobalSection(ExtensibilityGlobals) = postSolution
		SolutionGuid = {014C7985-1DBC-4C1B-BEB0-8346CD908347}
	EndGlobalSection
EndGlobal
