
Microsoft Visual Studio Solution File, Format Version 12.00
# Visual Studio Version 16
VisualStudioVersion = 16.0.29230.47
MinimumVisualStudioVersion = 10.0.40219.1
Project("{FAE04EC0-301F-11D3-BF4B-00C04F79EFBC}") = "Lab6Q2", "Lab6Q2\Lab6Q2.csproj", "{612D764F-3DE3-463B-91DE-0C6C27CBBD2A}"
EndProject
Global
	GlobalSection(SolutionConfigurationPlatforms) = preSolution
		Debug|Any CPU = Debug|Any CPU
		Release|Any CPU = Release|Any CPU
	EndGlobalSection
	GlobalSection(ProjectConfigurationPlatforms) = postSolution
		{612D764F-3DE3-463B-91DE-0C6C27CBBD2A}.Debug|Any CPU.ActiveCfg = Debug|Any CPU
		{612D764F-3DE3-463B-91DE-0C6C27CBBD2A}.Debug|Any CPU.Build.0 = Debug|Any CPU
		{612D764F-3DE3-463B-91DE-0C6C27CBBD2A}.Release|Any CPU.ActiveCfg = Release|Any CPU
		{612D764F-3DE3-463B-91DE-0C6C27CBBD2A}.Release|Any CPU.Build.0 = Release|Any CPU
	EndGlobalSection
	GlobalSection(SolutionProperties) = preSolution
		HideSolutionNode = FALSE
	EndGlobalSection
	GlobalSection(ExtensibilityGlobals) = postSolution
		SolutionGuid = {8336EC25-E6A7-413E-A509-AFF26DBFD896}
	EndGlobalSection
EndGlobal
