
Microsoft Visual Studio Solution File, Format Version 12.00
# Visual Studio Version 16
VisualStudioVersion = 16.0.29411.108
MinimumVisualStudioVersion = 10.0.40219.1
Project("{FAE04EC0-301F-11D3-BF4B-00C04F79EFBC}") = "Lab9Q5", "Lab9Q5\Lab9Q5.csproj", "{2C715168-E233-440F-9470-FF066FBCF1DD}"
EndProject
Global
	GlobalSection(SolutionConfigurationPlatforms) = preSolution
		Debug|Any CPU = Debug|Any CPU
		Release|Any CPU = Release|Any CPU
	EndGlobalSection
	GlobalSection(ProjectConfigurationPlatforms) = postSolution
		{2C715168-E233-440F-9470-FF066FBCF1DD}.Debug|Any CPU.ActiveCfg = Debug|Any CPU
		{2C715168-E233-440F-9470-FF066FBCF1DD}.Debug|Any CPU.Build.0 = Debug|Any CPU
		{2C715168-E233-440F-9470-FF066FBCF1DD}.Release|Any CPU.ActiveCfg = Release|Any CPU
		{2C715168-E233-440F-9470-FF066FBCF1DD}.Release|Any CPU.Build.0 = Release|Any CPU
	EndGlobalSection
	GlobalSection(SolutionProperties) = preSolution
		HideSolutionNode = FALSE
	EndGlobalSection
	GlobalSection(ExtensibilityGlobals) = postSolution
		SolutionGuid = {F55B9F1D-7E96-4EB4-8ECC-85969D924B84}
	EndGlobalSection
EndGlobal
