
Microsoft Visual Studio Solution File, Format Version 12.00
# Visual Studio Version 16
VisualStudioVersion = 16.0.29230.47
MinimumVisualStudioVersion = 10.0.40219.1
Project("{FAE04EC0-301F-11D3-BF4B-00C04F79EFBC}") = "Lab6Q7", "Lab6Q7\Lab6Q7.csproj", "{90060B42-9E81-49D0-912D-6DC93D9D661B}"
EndProject
Global
	GlobalSection(SolutionConfigurationPlatforms) = preSolution
		Debug|Any CPU = Debug|Any CPU
		Release|Any CPU = Release|Any CPU
	EndGlobalSection
	GlobalSection(ProjectConfigurationPlatforms) = postSolution
		{90060B42-9E81-49D0-912D-6DC93D9D661B}.Debug|Any CPU.ActiveCfg = Debug|Any CPU
		{90060B42-9E81-49D0-912D-6DC93D9D661B}.Debug|Any CPU.Build.0 = Debug|Any CPU
		{90060B42-9E81-49D0-912D-6DC93D9D661B}.Release|Any CPU.ActiveCfg = Release|Any CPU
		{90060B42-9E81-49D0-912D-6DC93D9D661B}.Release|Any CPU.Build.0 = Release|Any CPU
	EndGlobalSection
	GlobalSection(SolutionProperties) = preSolution
		HideSolutionNode = FALSE
	EndGlobalSection
	GlobalSection(ExtensibilityGlobals) = postSolution
		SolutionGuid = {87336EE6-2680-444E-BC0A-7B83B88B3230}
	EndGlobalSection
EndGlobal
